
Microsoft Visual Studio Solution File, Format Version 12.00
# Visual Studio 15
VisualStudioVersion = 15.0.27428.2037
MinimumVisualStudioVersion = 10.0.40219.1
Project("{FAE04EC0-301F-11D3-BF4B-00C04F79EFBC}") = "CodingCraftEx07.Mvc", "CodingCraftEx07.Mvc\CodingCraftEx07.Mvc.csproj", "{4AB6D228-4778-43DA-8630-78D71DF5B847}"
EndProject
Global
	GlobalSection(SolutionConfigurationPlatforms) = preSolution
		Debug|Any CPU = Debug|Any CPU
		Release|Any CPU = Release|Any CPU
	EndGlobalSection
	GlobalSection(ProjectConfigurationPlatforms) = postSolution
		{4AB6D228-4778-43DA-8630-78D71DF5B847}.Debug|Any CPU.ActiveCfg = Debug|Any CPU
		{4AB6D228-4778-43DA-8630-78D71DF5B847}.Debug|Any CPU.Build.0 = Debug|Any CPU
		{4AB6D228-4778-43DA-8630-78D71DF5B847}.Release|Any CPU.ActiveCfg = Release|Any CPU
		{4AB6D228-4778-43DA-8630-78D71DF5B847}.Release|Any CPU.Build.0 = Release|Any CPU
	EndGlobalSection
	GlobalSection(SolutionProperties) = preSolution
		HideSolutionNode = FALSE
	EndGlobalSection
	GlobalSection(ExtensibilityGlobals) = postSolution
		SolutionGuid = {79B750AD-AD3C-46E9-88F1-1741EE82A348}
	EndGlobalSection
EndGlobal
