
Microsoft Visual Studio Solution File, Format Version 12.00
# Visual Studio 15
VisualStudioVersion = 15.0.26730.12
MinimumVisualStudioVersion = 10.0.40219.1
Project("{FAE04EC0-301F-11D3-BF4B-00C04F79EFBC}") = "CodingCraftEx04.Api", "CodingCraftEx04.Api\CodingCraftEx04.Api.csproj", "{91346C3B-C8CF-4374-B26A-CD1DF6946B7A}"
EndProject
Project("{FAE04EC0-301F-11D3-BF4B-00C04F79EFBC}") = "CodingCraftEx04.MVC", "CodingCraftEx04.MVC\CodingCraftEx04.MVC.csproj", "{C9A5FD4B-416B-40E7-B2CA-562CB9A7C16D}"
EndProject
Project("{FAE04EC0-301F-11D3-BF4B-00C04F79EFBC}") = "CodingCraftEx04.Domain", "CodingCraftEx04.Domain\CodingCraftEx04.Domain.csproj", "{C643F615-32ED-4C91-8063-5435E27ABAAD}"
EndProject
Project("{FAE04EC0-301F-11D3-BF4B-00C04F79EFBC}") = "CodingCraftEx04.MVC.GED", "CodingCraftEx04.MVC.GED\CodingCraftEx04.MVC.GED.csproj", "{E33C3C8B-C731-4766-98A0-58CE46873FC1}"
EndProject
Global
	GlobalSection(SolutionConfigurationPlatforms) = preSolution
		Debug|Any CPU = Debug|Any CPU
		Release|Any CPU = Release|Any CPU
	EndGlobalSection
	GlobalSection(ProjectConfigurationPlatforms) = postSolution
		{91346C3B-C8CF-4374-B26A-CD1DF6946B7A}.Debug|Any CPU.ActiveCfg = Debug|Any CPU
		{91346C3B-C8CF-4374-B26A-CD1DF6946B7A}.Debug|Any CPU.Build.0 = Debug|Any CPU
		{91346C3B-C8CF-4374-B26A-CD1DF6946B7A}.Release|Any CPU.ActiveCfg = Release|Any CPU
		{91346C3B-C8CF-4374-B26A-CD1DF6946B7A}.Release|Any CPU.Build.0 = Release|Any CPU
		{C9A5FD4B-416B-40E7-B2CA-562CB9A7C16D}.Debug|Any CPU.ActiveCfg = Debug|Any CPU
		{C9A5FD4B-416B-40E7-B2CA-562CB9A7C16D}.Debug|Any CPU.Build.0 = Debug|Any CPU
		{C9A5FD4B-416B-40E7-B2CA-562CB9A7C16D}.Release|Any CPU.ActiveCfg = Release|Any CPU
		{C9A5FD4B-416B-40E7-B2CA-562CB9A7C16D}.Release|Any CPU.Build.0 = Release|Any CPU
		{C643F615-32ED-4C91-8063-5435E27ABAAD}.Debug|Any CPU.ActiveCfg = Debug|Any CPU
		{C643F615-32ED-4C91-8063-5435E27ABAAD}.Debug|Any CPU.Build.0 = Debug|Any CPU
		{C643F615-32ED-4C91-8063-5435E27ABAAD}.Release|Any CPU.ActiveCfg = Release|Any CPU
		{C643F615-32ED-4C91-8063-5435E27ABAAD}.Release|Any CPU.Build.0 = Release|Any CPU
		{E33C3C8B-C731-4766-98A0-58CE46873FC1}.Debug|Any CPU.ActiveCfg = Debug|Any CPU
		{E33C3C8B-C731-4766-98A0-58CE46873FC1}.Debug|Any CPU.Build.0 = Debug|Any CPU
		{E33C3C8B-C731-4766-98A0-58CE46873FC1}.Release|Any CPU.ActiveCfg = Release|Any CPU
		{E33C3C8B-C731-4766-98A0-58CE46873FC1}.Release|Any CPU.Build.0 = Release|Any CPU
	EndGlobalSection
	GlobalSection(SolutionProperties) = preSolution
		HideSolutionNode = FALSE
	EndGlobalSection
	GlobalSection(ExtensibilityGlobals) = postSolution
		SolutionGuid = {ED504F21-3F3C-43D5-B13A-7E4D5785996F}
	EndGlobalSection
EndGlobal
