
Microsoft Visual Studio Solution File, Format Version 12.00
# Visual Studio 14
VisualStudioVersion = 14.0.25420.1
MinimumVisualStudioVersion = 10.0.40219.1
Project("{FAE04EC0-301F-11D3-BF4B-00C04F79EFBC}") = "CodingCraft.Ex01", "CodingCraft.Ex01\CodingCraft.Ex01.csproj", "{C754D6CE-FD0C-4F87-A753-4CB79B962820}"
EndProject
Project("{FAE04EC0-301F-11D3-BF4B-00C04F79EFBC}") = "CodingCraft.Ex02", "CodingCraft.Ex02\CodingCraft.Ex02.csproj", "{C1B98477-A6EF-403D-9599-9D35DF01767F}"
EndProject
Global
	GlobalSection(SolutionConfigurationPlatforms) = preSolution
		Debug|Any CPU = Debug|Any CPU
		Release|Any CPU = Release|Any CPU
	EndGlobalSection
	GlobalSection(ProjectConfigurationPlatforms) = postSolution
		{C754D6CE-FD0C-4F87-A753-4CB79B962820}.Debug|Any CPU.ActiveCfg = Debug|Any CPU
		{C754D6CE-FD0C-4F87-A753-4CB79B962820}.Debug|Any CPU.Build.0 = Debug|Any CPU
		{C754D6CE-FD0C-4F87-A753-4CB79B962820}.Release|Any CPU.ActiveCfg = Release|Any CPU
		{C754D6CE-FD0C-4F87-A753-4CB79B962820}.Release|Any CPU.Build.0 = Release|Any CPU
		{C1B98477-A6EF-403D-9599-9D35DF01767F}.Debug|Any CPU.ActiveCfg = Debug|Any CPU
		{C1B98477-A6EF-403D-9599-9D35DF01767F}.Debug|Any CPU.Build.0 = Debug|Any CPU
		{C1B98477-A6EF-403D-9599-9D35DF01767F}.Release|Any CPU.ActiveCfg = Release|Any CPU
		{C1B98477-A6EF-403D-9599-9D35DF01767F}.Release|Any CPU.Build.0 = Release|Any CPU
	EndGlobalSection
	GlobalSection(SolutionProperties) = preSolution
		HideSolutionNode = FALSE
	EndGlobalSection
EndGlobal
